
Microsoft Visual Studio Solution File, Format Version 12.00
# Visual Studio Version 16
VisualStudioVersion = 16.0.30611.23
MinimumVisualStudioVersion = 10.0.40219.1
Project("{FAE04EC0-301F-11D3-BF4B-00C04F79EFBC}") = "SignalRChatAPI", "SignalRChatAPI\SignalRChatAPI.csproj", "{38DEF041-ECEB-49C7-90EF-074E72E4572D}"
EndProject
Global
	GlobalSection(SolutionConfigurationPlatforms) = preSolution
		Debug|Any CPU = Debug|Any CPU
		Release|Any CPU = Release|Any CPU
	EndGlobalSection
	GlobalSection(ProjectConfigurationPlatforms) = postSolution
		{38DEF041-ECEB-49C7-90EF-074E72E4572D}.Debug|Any CPU.ActiveCfg = Debug|Any CPU
		{38DEF041-ECEB-49C7-90EF-074E72E4572D}.Debug|Any CPU.Build.0 = Debug|Any CPU
		{38DEF041-ECEB-49C7-90EF-074E72E4572D}.Release|Any CPU.ActiveCfg = Release|Any CPU
		{38DEF041-ECEB-49C7-90EF-074E72E4572D}.Release|Any CPU.Build.0 = Release|Any CPU
	EndGlobalSection
	GlobalSection(SolutionProperties) = preSolution
		HideSolutionNode = FALSE
	EndGlobalSection
	GlobalSection(ExtensibilityGlobals) = postSolution
		SolutionGuid = {CB9E09DE-3309-48AA-8ADE-9BD9F30613AE}
	EndGlobalSection
EndGlobal
